{
  "nodes": {
    "challenge-bypass-ristretto-ffi-src": {
      "flake": false,
      "locked": {
        "lastModified": 1563402781,
        "narHash": "sha256-gv/zyDHvs4M5xXHjVeYPV2dBC7tDox8OXiU0g0ecx70=",
        "owner": "brave-intl",
        "repo": "challenge-bypass-ristretto-ffi",
        "rev": "f88d942ddfaf61a4a6703355a77c4ef71bc95c35",
        "type": "github"
      },
      "original": {
        "owner": "brave-intl",
        "repo": "challenge-bypass-ristretto-ffi",
        "rev": "f88d942ddfaf61a4a6703355a77c4ef71bc95c35",
        "type": "github"
      }
    },
    "flake-utils": {
      "locked": {
        "lastModified": 1667395993,
        "narHash": "sha256-nuEHfE/LcWyuSWnS8t12N1wc105Qtau+/OdUAjtQ0rA=",
        "owner": "numtide",
        "repo": "flake-utils",
        "rev": "5aed5285a952e0b949eb3ba02c12fa4fcfef535f",
        "type": "github"
      },
      "original": {
        "owner": "numtide",
        "repo": "flake-utils",
        "type": "github"
      }
    },
    "naersk": {
      "inputs": {
        "nixpkgs": "nixpkgs"
      },
      "locked": {
        "lastModified": 1662220400,
        "narHash": "sha256-9o2OGQqu4xyLZP9K6kNe1pTHnyPz0Wr3raGYnr9AIgY=",
        "owner": "nix-community",
        "repo": "naersk",
        "rev": "6944160c19cb591eb85bbf9b2f2768a935623ed3",
        "type": "github"
      },
      "original": {
        "owner": "nix-community",
        "repo": "naersk",
        "type": "github"
      }
    },
    "nixpkgs": {
      "locked": {
        "lastModified": 1659606041,
        "narHash": "sha256-W4/u2ssr3fS4XOtltrsDD9w2kF4jYYZr6JyPGUW2jdI=",
        "owner": "NixOS",
        "repo": "nixpkgs",
        "rev": "5f9b871b72b24f066b1a1e189efd0669f2888c49",
        "type": "github"
      },
      "original": {
        "id": "nixpkgs",
        "type": "indirect"
      }
    },
    "nixpkgs_2": {
      "locked": {
        "lastModified": 1670083709,
        "narHash": "sha256-UL4czXyVoKSCqAbNkfJEu2M+XhIVNwBGkyDt+UbtA5E=",
        "owner": "NixOS",
        "repo": "nixpkgs",
        "rev": "e09913998d89659044c29ef5df4a86542e78a2ef",
        "type": "github"
      },
      "original": {
        "owner": "NixOS",
        "ref": "nixos-22.05",
        "repo": "nixpkgs",
        "type": "github"
      }
    },
    "root": {
      "inputs": {
        "challenge-bypass-ristretto-ffi-src": "challenge-bypass-ristretto-ffi-src",
        "flake-utils": "flake-utils",
        "naersk": "naersk",
        "nixpkgs": "nixpkgs_2"
      }
    }
  },
  "root": "root",
  "version": 7
}
